
Microsoft Visual Studio Solution File, Format Version 12.00
# Visual Studio 15
Project("{FAE04EC0-301F-11D3-BF4B-00C04F79EFBC}") = "Unity.Timeline", "Unity.Timeline.csproj", "{22322CA1-003D-13ED-417E-644A85CC9F75}"
EndProject
Project("{FAE04EC0-301F-11D3-BF4B-00C04F79EFBC}") = "Unity.Mathematics", "Unity.Mathematics.csproj", "{FEECA5A3-276F-5C83-A354-E9A79614DD23}"
EndProject
Project("{FAE04EC0-301F-11D3-BF4B-00C04F79EFBC}") = "Unity.Timeline.Editor", "Unity.Timeline.Editor.csproj", "{4113758D-B03B-240C-4156-69943EF3D9F6}"
EndProject
Project("{FAE04EC0-301F-11D3-BF4B-00C04F79EFBC}") = "Unity.Collections", "Unity.Collections.csproj", "{6A23631C-8E61-7942-69CC-D23A223C2948}"
EndProject
Project("{FAE04EC0-301F-11D3-BF4B-00C04F79EFBC}") = "Unity.VisualScripting.Core.Editor", "Unity.VisualScripting.Core.Editor.csproj", "{9F8E48A6-3843-A14E-D72B-10C56A9018C6}"
EndProject
Project("{FAE04EC0-301F-11D3-BF4B-00C04F79EFBC}") = "Unity.PerformanceTesting.Editor", "Unity.PerformanceTesting.Editor.csproj", "{F576BFCC-DBF8-AF08-5963-4642DB7E2B30}"
EndProject
Project("{FAE04EC0-301F-11D3-BF4B-00C04F79EFBC}") = "Unity.Burst", "Unity.Burst.csproj", "{96AEDC1D-C0A0-24A4-4ACC-52A0CF8730B7}"
EndProject
Project("{FAE04EC0-301F-11D3-BF4B-00C04F79EFBC}") = "Unity.VisualScripting.Flow.Editor", "Unity.VisualScripting.Flow.Editor.csproj", "{D38E7577-7AC1-0A65-FA7B-9F54A4F8DE48}"
EndProject
Project("{FAE04EC0-301F-11D3-BF4B-00C04F79EFBC}") = "Unity.VisualStudio.Editor", "Unity.VisualStudio.Editor.csproj", "{FC5B8593-E6AA-6AAF-85B4-429893034539}"
EndProject
Project("{FAE04EC0-301F-11D3-BF4B-00C04F79EFBC}") = "Unity.InputSystem", "Unity.InputSystem.csproj", "{5D19642F-7327-4BB2-55D8-EDAA8FB2B14C}"
EndProject
Project("{FAE04EC0-301F-11D3-BF4B-00C04F79EFBC}") = "Unity.Searcher.Editor", "Unity.Searcher.Editor.csproj", "{E4CA21E4-F0CB-A8BB-D364-006AB1FE2401}"
EndProject
Project("{FAE04EC0-301F-11D3-BF4B-00C04F79EFBC}") = "Unity.VisualScripting.Core", "Unity.VisualScripting.Core.csproj", "{E6E15625-3D91-1B1C-6125-425E65787210}"
EndProject
Project("{FAE04EC0-301F-11D3-BF4B-00C04F79EFBC}") = "Unity.AI.Navigation.Editor.ConversionSystem", "Unity.AI.Navigation.Editor.ConversionSystem.csproj", "{13AAC2B0-FDDB-E621-5A46-903A35C95FFD}"
EndProject
Project("{FAE04EC0-301F-11D3-BF4B-00C04F79EFBC}") = "Unity.VisualScripting.State.Editor", "Unity.VisualScripting.State.Editor.csproj", "{B50970B3-BBB5-AA99-789D-EE3425A7CF1E}"
EndProject
Project("{FAE04EC0-301F-11D3-BF4B-00C04F79EFBC}") = "Unity.Burst.CodeGen", "Unity.Burst.CodeGen.csproj", "{FBE05F6E-6430-3BB3-5464-5D7D17D8F40B}"
EndProject
Project("{FAE04EC0-301F-11D3-BF4B-00C04F79EFBC}") = "Unity.VisualScripting.Flow", "Unity.VisualScripting.Flow.csproj", "{9B46DA66-5032-D7DD-599C-306ED57B2C98}"
EndProject
Project("{FAE04EC0-301F-11D3-BF4B-00C04F79EFBC}") = "Assembly-CSharp", "Assembly-CSharp.csproj", "{A891A5D0-FA84-94C5-B72E-0918A3825E2F}"
EndProject
Project("{FAE04EC0-301F-11D3-BF4B-00C04F79EFBC}") = "Unity.PerformanceTesting", "Unity.PerformanceTesting.csproj", "{D2F33886-72FC-6939-9A02-3E447B203C53}"
EndProject
Project("{FAE04EC0-301F-11D3-BF4B-00C04F79EFBC}") = "Unity.Burst.Editor", "Unity.Burst.Editor.csproj", "{746F22A9-440B-E672-F9F5-7C22B6390533}"
EndProject
Project("{FAE04EC0-301F-11D3-BF4B-00C04F79EFBC}") = "Unity.Rider.Editor", "Unity.Rider.Editor.csproj", "{37A89C5C-F8FE-6D60-A634-B30596572ABF}"
EndProject
Project("{FAE04EC0-301F-11D3-BF4B-00C04F79EFBC}") = "Unity.VisualScripting.State", "Unity.VisualScripting.State.csproj", "{BFED046D-FD30-1CD0-EA32-2B6810671F17}"
EndProject
Project("{FAE04EC0-301F-11D3-BF4B-00C04F79EFBC}") = "Unity.AI.Navigation.Updater", "Unity.AI.Navigation.Updater.csproj", "{834E7FC5-1439-0E42-85F8-76D8A544F626}"
EndProject
Project("{FAE04EC0-301F-11D3-BF4B-00C04F79EFBC}") = "Unity.AI.Navigation.Editor", "Unity.AI.Navigation.Editor.csproj", "{71D7023D-8C1A-1788-C805-101CFBCEFCF6}"
EndProject
Project("{FAE04EC0-301F-11D3-BF4B-00C04F79EFBC}") = "Unity.InputSystem.ForUI", "Unity.InputSystem.ForUI.csproj", "{E38CC63A-E43D-9E8D-D6E9-149E3386DA6D}"
EndProject
Project("{FAE04EC0-301F-11D3-BF4B-00C04F79EFBC}") = "com.ben-w.erp", "com.ben-w.erp.csproj", "{9D28BEED-F224-83E2-5CA8-5607344E782E}"
EndProject
Project("{FAE04EC0-301F-11D3-BF4B-00C04F79EFBC}") = "Unity.AI.Navigation", "Unity.AI.Navigation.csproj", "{C24F264C-3F82-0509-C6DE-F99E19E3EB3F}"
EndProject
Project("{FAE04EC0-301F-11D3-BF4B-00C04F79EFBC}") = "Unity.Collections.CodeGen", "Unity.Collections.CodeGen.csproj", "{D8E01198-7886-36A9-8C02-6CF8C9ED3FED}"
EndProject
Project("{FAE04EC0-301F-11D3-BF4B-00C04F79EFBC}") = "Unity.Mathematics.Editor", "Unity.Mathematics.Editor.csproj", "{44EB55C2-034C-3470-3A66-1C11398E09F0}"
EndProject
Project("{FAE04EC0-301F-11D3-BF4B-00C04F79EFBC}") = "Unity.VisualScripting.SettingsProvider.Editor", "Unity.VisualScripting.SettingsProvider.Editor.csproj", "{10763B2D-B0DB-3550-3A5B-7B5A9AC936AF}"
EndProject
Project("{FAE04EC0-301F-11D3-BF4B-00C04F79EFBC}") = "Unity.InputSystem.TestFramework", "Unity.InputSystem.TestFramework.csproj", "{6D91C7D4-91CA-8F74-F371-7307EDD7073D}"
EndProject
Project("{FAE04EC0-301F-11D3-BF4B-00C04F79EFBC}") = "Unity.VisualScripting.Shared.Editor", "Unity.VisualScripting.Shared.Editor.csproj", "{18FAEA26-A96F-085A-D4C7-5BD49633801D}"
EndProject
Project("{FAE04EC0-301F-11D3-BF4B-00C04F79EFBC}") = "Unity.InputSystem.DocCodeSamples", "Unity.InputSystem.DocCodeSamples.csproj", "{DF617A88-57C0-13F6-BD82-021719655FE6}"
EndProject
Project("{FAE04EC0-301F-11D3-BF4B-00C04F79EFBC}") = "Assembly-CSharp-Editor", "Assembly-CSharp-Editor.csproj", "{77288EEA-649E-3FAE-4BD1-8D219175DDBE}"
EndProject
Project("{FAE04EC0-301F-11D3-BF4B-00C04F79EFBC}") = "Unity.Collections.Editor", "Unity.Collections.Editor.csproj", "{8D553658-AE1A-C9E6-81CF-1F8D095D3D03}"
EndProject
Global
	GlobalSection(SolutionConfigurationPlatforms) = preSolution
		Debug|Any CPU = Debug|Any CPU
		Release|Any CPU = Release|Any CPU
	EndGlobalSection
	GlobalSection(ProjectConfigurationPlatforms) = postSolution
		{22322CA1-003D-13ED-417E-644A85CC9F75}.Debug|Any CPU.ActiveCfg = Debug|Any CPU
		{22322CA1-003D-13ED-417E-644A85CC9F75}.Debug|Any CPU.Build.0 = Debug|Any CPU
		{22322CA1-003D-13ED-417E-644A85CC9F75}.Release|Any CPU.ActiveCfg = Release|Any CPU
		{22322CA1-003D-13ED-417E-644A85CC9F75}.Release|Any CPU.Build.0 = Release|Any CPU
		{FEECA5A3-276F-5C83-A354-E9A79614DD23}.Debug|Any CPU.ActiveCfg = Debug|Any CPU
		{FEECA5A3-276F-5C83-A354-E9A79614DD23}.Debug|Any CPU.Build.0 = Debug|Any CPU
		{FEECA5A3-276F-5C83-A354-E9A79614DD23}.Release|Any CPU.ActiveCfg = Release|Any CPU
		{FEECA5A3-276F-5C83-A354-E9A79614DD23}.Release|Any CPU.Build.0 = Release|Any CPU
		{4113758D-B03B-240C-4156-69943EF3D9F6}.Debug|Any CPU.ActiveCfg = Debug|Any CPU
		{4113758D-B03B-240C-4156-69943EF3D9F6}.Debug|Any CPU.Build.0 = Debug|Any CPU
		{4113758D-B03B-240C-4156-69943EF3D9F6}.Release|Any CPU.ActiveCfg = Release|Any CPU
		{4113758D-B03B-240C-4156-69943EF3D9F6}.Release|Any CPU.Build.0 = Release|Any CPU
		{6A23631C-8E61-7942-69CC-D23A223C2948}.Debug|Any CPU.ActiveCfg = Debug|Any CPU
		{6A23631C-8E61-7942-69CC-D23A223C2948}.Debug|Any CPU.Build.0 = Debug|Any CPU
		{6A23631C-8E61-7942-69CC-D23A223C2948}.Release|Any CPU.ActiveCfg = Release|Any CPU
		{6A23631C-8E61-7942-69CC-D23A223C2948}.Release|Any CPU.Build.0 = Release|Any CPU
		{9F8E48A6-3843-A14E-D72B-10C56A9018C6}.Debug|Any CPU.ActiveCfg = Debug|Any CPU
		{9F8E48A6-3843-A14E-D72B-10C56A9018C6}.Debug|Any CPU.Build.0 = Debug|Any CPU
		{9F8E48A6-3843-A14E-D72B-10C56A9018C6}.Release|Any CPU.ActiveCfg = Release|Any CPU
		{9F8E48A6-3843-A14E-D72B-10C56A9018C6}.Release|Any CPU.Build.0 = Release|Any CPU
		{F576BFCC-DBF8-AF08-5963-4642DB7E2B30}.Debug|Any CPU.ActiveCfg = Debug|Any CPU
		{F576BFCC-DBF8-AF08-5963-4642DB7E2B30}.Debug|Any CPU.Build.0 = Debug|Any CPU
		{F576BFCC-DBF8-AF08-5963-4642DB7E2B30}.Release|Any CPU.ActiveCfg = Release|Any CPU
		{F576BFCC-DBF8-AF08-5963-4642DB7E2B30}.Release|Any CPU.Build.0 = Release|Any CPU
		{96AEDC1D-C0A0-24A4-4ACC-52A0CF8730B7}.Debug|Any CPU.ActiveCfg = Debug|Any CPU
		{96AEDC1D-C0A0-24A4-4ACC-52A0CF8730B7}.Debug|Any CPU.Build.0 = Debug|Any CPU
		{96AEDC1D-C0A0-24A4-4ACC-52A0CF8730B7}.Release|Any CPU.ActiveCfg = Release|Any CPU
		{96AEDC1D-C0A0-24A4-4ACC-52A0CF8730B7}.Release|Any CPU.Build.0 = Release|Any CPU
		{D38E7577-7AC1-0A65-FA7B-9F54A4F8DE48}.Debug|Any CPU.ActiveCfg = Debug|Any CPU
		{D38E7577-7AC1-0A65-FA7B-9F54A4F8DE48}.Debug|Any CPU.Build.0 = Debug|Any CPU
		{D38E7577-7AC1-0A65-FA7B-9F54A4F8DE48}.Release|Any CPU.ActiveCfg = Release|Any CPU
		{D38E7577-7AC1-0A65-FA7B-9F54A4F8DE48}.Release|Any CPU.Build.0 = Release|Any CPU
		{FC5B8593-E6AA-6AAF-85B4-429893034539}.Debug|Any CPU.ActiveCfg = Debug|Any CPU
		{FC5B8593-E6AA-6AAF-85B4-429893034539}.Debug|Any CPU.Build.0 = Debug|Any CPU
		{FC5B8593-E6AA-6AAF-85B4-429893034539}.Release|Any CPU.ActiveCfg = Release|Any CPU
		{FC5B8593-E6AA-6AAF-85B4-429893034539}.Release|Any CPU.Build.0 = Release|Any CPU
		{5D19642F-7327-4BB2-55D8-EDAA8FB2B14C}.Debug|Any CPU.ActiveCfg = Debug|Any CPU
		{5D19642F-7327-4BB2-55D8-EDAA8FB2B14C}.Debug|Any CPU.Build.0 = Debug|Any CPU
		{5D19642F-7327-4BB2-55D8-EDAA8FB2B14C}.Release|Any CPU.ActiveCfg = Release|Any CPU
		{5D19642F-7327-4BB2-55D8-EDAA8FB2B14C}.Release|Any CPU.Build.0 = Release|Any CPU
		{E4CA21E4-F0CB-A8BB-D364-006AB1FE2401}.Debug|Any CPU.ActiveCfg = Debug|Any CPU
		{E4CA21E4-F0CB-A8BB-D364-006AB1FE2401}.Debug|Any CPU.Build.0 = Debug|Any CPU
		{E4CA21E4-F0CB-A8BB-D364-006AB1FE2401}.Release|Any CPU.ActiveCfg = Release|Any CPU
		{E4CA21E4-F0CB-A8BB-D364-006AB1FE2401}.Release|Any CPU.Build.0 = Release|Any CPU
		{E6E15625-3D91-1B1C-6125-425E65787210}.Debug|Any CPU.ActiveCfg = Debug|Any CPU
		{E6E15625-3D91-1B1C-6125-425E65787210}.Debug|Any CPU.Build.0 = Debug|Any CPU
		{E6E15625-3D91-1B1C-6125-425E65787210}.Release|Any CPU.ActiveCfg = Release|Any CPU
		{E6E15625-3D91-1B1C-6125-425E65787210}.Release|Any CPU.Build.0 = Release|Any CPU
		{13AAC2B0-FDDB-E621-5A46-903A35C95FFD}.Debug|Any CPU.ActiveCfg = Debug|Any CPU
		{13AAC2B0-FDDB-E621-5A46-903A35C95FFD}.Debug|Any CPU.Build.0 = Debug|Any CPU
		{13AAC2B0-FDDB-E621-5A46-903A35C95FFD}.Release|Any CPU.ActiveCfg = Release|Any CPU
		{13AAC2B0-FDDB-E621-5A46-903A35C95FFD}.Release|Any CPU.Build.0 = Release|Any CPU
		{B50970B3-BBB5-AA99-789D-EE3425A7CF1E}.Debug|Any CPU.ActiveCfg = Debug|Any CPU
		{B50970B3-BBB5-AA99-789D-EE3425A7CF1E}.Debug|Any CPU.Build.0 = Debug|Any CPU
		{B50970B3-BBB5-AA99-789D-EE3425A7CF1E}.Release|Any CPU.ActiveCfg = Release|Any CPU
		{B50970B3-BBB5-AA99-789D-EE3425A7CF1E}.Release|Any CPU.Build.0 = Release|Any CPU
		{FBE05F6E-6430-3BB3-5464-5D7D17D8F40B}.Debug|Any CPU.ActiveCfg = Debug|Any CPU
		{FBE05F6E-6430-3BB3-5464-5D7D17D8F40B}.Debug|Any CPU.Build.0 = Debug|Any CPU
		{FBE05F6E-6430-3BB3-5464-5D7D17D8F40B}.Release|Any CPU.ActiveCfg = Release|Any CPU
		{FBE05F6E-6430-3BB3-5464-5D7D17D8F40B}.Release|Any CPU.Build.0 = Release|Any CPU
		{9B46DA66-5032-D7DD-599C-306ED57B2C98}.Debug|Any CPU.ActiveCfg = Debug|Any CPU
		{9B46DA66-5032-D7DD-599C-306ED57B2C98}.Debug|Any CPU.Build.0 = Debug|Any CPU
		{9B46DA66-5032-D7DD-599C-306ED57B2C98}.Release|Any CPU.ActiveCfg = Release|Any CPU
		{9B46DA66-5032-D7DD-599C-306ED57B2C98}.Release|Any CPU.Build.0 = Release|Any CPU
		{A891A5D0-FA84-94C5-B72E-0918A3825E2F}.Debug|Any CPU.ActiveCfg = Debug|Any CPU
		{A891A5D0-FA84-94C5-B72E-0918A3825E2F}.Debug|Any CPU.Build.0 = Debug|Any CPU
		{A891A5D0-FA84-94C5-B72E-0918A3825E2F}.Release|Any CPU.ActiveCfg = Release|Any CPU
		{A891A5D0-FA84-94C5-B72E-0918A3825E2F}.Release|Any CPU.Build.0 = Release|Any CPU
		{D2F33886-72FC-6939-9A02-3E447B203C53}.Debug|Any CPU.ActiveCfg = Debug|Any CPU
		{D2F33886-72FC-6939-9A02-3E447B203C53}.Debug|Any CPU.Build.0 = Debug|Any CPU
		{D2F33886-72FC-6939-9A02-3E447B203C53}.Release|Any CPU.ActiveCfg = Release|Any CPU
		{D2F33886-72FC-6939-9A02-3E447B203C53}.Release|Any CPU.Build.0 = Release|Any CPU
		{746F22A9-440B-E672-F9F5-7C22B6390533}.Debug|Any CPU.ActiveCfg = Debug|Any CPU
		{746F22A9-440B-E672-F9F5-7C22B6390533}.Debug|Any CPU.Build.0 = Debug|Any CPU
		{746F22A9-440B-E672-F9F5-7C22B6390533}.Release|Any CPU.ActiveCfg = Release|Any CPU
		{746F22A9-440B-E672-F9F5-7C22B6390533}.Release|Any CPU.Build.0 = Release|Any CPU
		{37A89C5C-F8FE-6D60-A634-B30596572ABF}.Debug|Any CPU.ActiveCfg = Debug|Any CPU
		{37A89C5C-F8FE-6D60-A634-B30596572ABF}.Debug|Any CPU.Build.0 = Debug|Any CPU
		{37A89C5C-F8FE-6D60-A634-B30596572ABF}.Release|Any CPU.ActiveCfg = Release|Any CPU
		{37A89C5C-F8FE-6D60-A634-B30596572ABF}.Release|Any CPU.Build.0 = Release|Any CPU
		{BFED046D-FD30-1CD0-EA32-2B6810671F17}.Debug|Any CPU.ActiveCfg = Debug|Any CPU
		{BFED046D-FD30-1CD0-EA32-2B6810671F17}.Debug|Any CPU.Build.0 = Debug|Any CPU
		{BFED046D-FD30-1CD0-EA32-2B6810671F17}.Release|Any CPU.ActiveCfg = Release|Any CPU
		{BFED046D-FD30-1CD0-EA32-2B6810671F17}.Release|Any CPU.Build.0 = Release|Any CPU
		{834E7FC5-1439-0E42-85F8-76D8A544F626}.Debug|Any CPU.ActiveCfg = Debug|Any CPU
		{834E7FC5-1439-0E42-85F8-76D8A544F626}.Debug|Any CPU.Build.0 = Debug|Any CPU
		{834E7FC5-1439-0E42-85F8-76D8A544F626}.Release|Any CPU.ActiveCfg = Release|Any CPU
		{834E7FC5-1439-0E42-85F8-76D8A544F626}.Release|Any CPU.Build.0 = Release|Any CPU
		{71D7023D-8C1A-1788-C805-101CFBCEFCF6}.Debug|Any CPU.ActiveCfg = Debug|Any CPU
		{71D7023D-8C1A-1788-C805-101CFBCEFCF6}.Debug|Any CPU.Build.0 = Debug|Any CPU
		{71D7023D-8C1A-1788-C805-101CFBCEFCF6}.Release|Any CPU.ActiveCfg = Release|Any CPU
		{71D7023D-8C1A-1788-C805-101CFBCEFCF6}.Release|Any CPU.Build.0 = Release|Any CPU
		{E38CC63A-E43D-9E8D-D6E9-149E3386DA6D}.Debug|Any CPU.ActiveCfg = Debug|Any CPU
		{E38CC63A-E43D-9E8D-D6E9-149E3386DA6D}.Debug|Any CPU.Build.0 = Debug|Any CPU
		{E38CC63A-E43D-9E8D-D6E9-149E3386DA6D}.Release|Any CPU.ActiveCfg = Release|Any CPU
		{E38CC63A-E43D-9E8D-D6E9-149E3386DA6D}.Release|Any CPU.Build.0 = Release|Any CPU
		{9D28BEED-F224-83E2-5CA8-5607344E782E}.Debug|Any CPU.ActiveCfg = Debug|Any CPU
		{9D28BEED-F224-83E2-5CA8-5607344E782E}.Debug|Any CPU.Build.0 = Debug|Any CPU
		{9D28BEED-F224-83E2-5CA8-5607344E782E}.Release|Any CPU.ActiveCfg = Release|Any CPU
		{9D28BEED-F224-83E2-5CA8-5607344E782E}.Release|Any CPU.Build.0 = Release|Any CPU
		{C24F264C-3F82-0509-C6DE-F99E19E3EB3F}.Debug|Any CPU.ActiveCfg = Debug|Any CPU
		{C24F264C-3F82-0509-C6DE-F99E19E3EB3F}.Debug|Any CPU.Build.0 = Debug|Any CPU
		{C24F264C-3F82-0509-C6DE-F99E19E3EB3F}.Release|Any CPU.ActiveCfg = Release|Any CPU
		{C24F264C-3F82-0509-C6DE-F99E19E3EB3F}.Release|Any CPU.Build.0 = Release|Any CPU
		{D8E01198-7886-36A9-8C02-6CF8C9ED3FED}.Debug|Any CPU.ActiveCfg = Debug|Any CPU
		{D8E01198-7886-36A9-8C02-6CF8C9ED3FED}.Debug|Any CPU.Build.0 = Debug|Any CPU
		{D8E01198-7886-36A9-8C02-6CF8C9ED3FED}.Release|Any CPU.ActiveCfg = Release|Any CPU
		{D8E01198-7886-36A9-8C02-6CF8C9ED3FED}.Release|Any CPU.Build.0 = Release|Any CPU
		{44EB55C2-034C-3470-3A66-1C11398E09F0}.Debug|Any CPU.ActiveCfg = Debug|Any CPU
		{44EB55C2-034C-3470-3A66-1C11398E09F0}.Debug|Any CPU.Build.0 = Debug|Any CPU
		{44EB55C2-034C-3470-3A66-1C11398E09F0}.Release|Any CPU.ActiveCfg = Release|Any CPU
		{44EB55C2-034C-3470-3A66-1C11398E09F0}.Release|Any CPU.Build.0 = Release|Any CPU
		{10763B2D-B0DB-3550-3A5B-7B5A9AC936AF}.Debug|Any CPU.ActiveCfg = Debug|Any CPU
		{10763B2D-B0DB-3550-3A5B-7B5A9AC936AF}.Debug|Any CPU.Build.0 = Debug|Any CPU
		{10763B2D-B0DB-3550-3A5B-7B5A9AC936AF}.Release|Any CPU.ActiveCfg = Release|Any CPU
		{10763B2D-B0DB-3550-3A5B-7B5A9AC936AF}.Release|Any CPU.Build.0 = Release|Any CPU
		{6D91C7D4-91CA-8F74-F371-7307EDD7073D}.Debug|Any CPU.ActiveCfg = Debug|Any CPU
		{6D91C7D4-91CA-8F74-F371-7307EDD7073D}.Debug|Any CPU.Build.0 = Debug|Any CPU
		{6D91C7D4-91CA-8F74-F371-7307EDD7073D}.Release|Any CPU.ActiveCfg = Release|Any CPU
		{6D91C7D4-91CA-8F74-F371-7307EDD7073D}.Release|Any CPU.Build.0 = Release|Any CPU
		{18FAEA26-A96F-085A-D4C7-5BD49633801D}.Debug|Any CPU.ActiveCfg = Debug|Any CPU
		{18FAEA26-A96F-085A-D4C7-5BD49633801D}.Debug|Any CPU.Build.0 = Debug|Any CPU
		{18FAEA26-A96F-085A-D4C7-5BD49633801D}.Release|Any CPU.ActiveCfg = Release|Any CPU
		{18FAEA26-A96F-085A-D4C7-5BD49633801D}.Release|Any CPU.Build.0 = Release|Any CPU
		{DF617A88-57C0-13F6-BD82-021719655FE6}.Debug|Any CPU.ActiveCfg = Debug|Any CPU
		{DF617A88-57C0-13F6-BD82-021719655FE6}.Debug|Any CPU.Build.0 = Debug|Any CPU
		{DF617A88-57C0-13F6-BD82-021719655FE6}.Release|Any CPU.ActiveCfg = Release|Any CPU
		{DF617A88-57C0-13F6-BD82-021719655FE6}.Release|Any CPU.Build.0 = Release|Any CPU
		{77288EEA-649E-3FAE-4BD1-8D219175DDBE}.Debug|Any CPU.ActiveCfg = Debug|Any CPU
		{77288EEA-649E-3FAE-4BD1-8D219175DDBE}.Debug|Any CPU.Build.0 = Debug|Any CPU
		{77288EEA-649E-3FAE-4BD1-8D219175DDBE}.Release|Any CPU.ActiveCfg = Release|Any CPU
		{77288EEA-649E-3FAE-4BD1-8D219175DDBE}.Release|Any CPU.Build.0 = Release|Any CPU
		{8D553658-AE1A-C9E6-81CF-1F8D095D3D03}.Debug|Any CPU.ActiveCfg = Debug|Any CPU
		{8D553658-AE1A-C9E6-81CF-1F8D095D3D03}.Debug|Any CPU.Build.0 = Debug|Any CPU
		{8D553658-AE1A-C9E6-81CF-1F8D095D3D03}.Release|Any CPU.ActiveCfg = Release|Any CPU
		{8D553658-AE1A-C9E6-81CF-1F8D095D3D03}.Release|Any CPU.Build.0 = Release|Any CPU
	EndGlobalSection
	GlobalSection(SolutionProperties) = preSolution
		HideSolutionNode = FALSE
	EndGlobalSection
EndGlobal
